// !$*UTF8*$!
{
	archiveVersion = 1;
	classes = {
	};
	objectVersion = 56;
	objects = {

/* Begin PBXBuildFile section */
		C71259E82B1FFA3F004CD3F3 /* TrackersViewController.swift in Sources */ = {isa = PBXBuildFile; fileRef = C71259E72B1FFA3F004CD3F3 /* TrackersViewController.swift */; };
		C71259EA2B1FFBFF004CD3F3 /* StatisticScreen.swift in Sources */ = {isa = PBXBuildFile; fileRef = C71259E92B1FFBFF004CD3F3 /* StatisticScreen.swift */; };
		C71259ED2B1FFDA6004CD3F3 /* SnapKit in Frameworks */ = {isa = PBXBuildFile; productRef = C71259EC2B1FFDA6004CD3F3 /* SnapKit */; };
		C71259EF2B1FFDA6004CD3F3 /* SnapKit-Dynamic in Frameworks */ = {isa = PBXBuildFile; productRef = C71259EE2B1FFDA6004CD3F3 /* SnapKit-Dynamic */; };
		C71F59D82B39EF790077FA95 /* NewHabitCell.swift in Sources */ = {isa = PBXBuildFile; fileRef = C71F59D72B39EF790077FA95 /* NewHabitCell.swift */; };
		C730237B2B5A01FD00172264 /* Shedule.swift in Sources */ = {isa = PBXBuildFile; fileRef = C730237A2B5A01FD00172264 /* Shedule.swift */; };
		C730237D2B5A02E000172264 /* NewCategoryScreen.swift in Sources */ = {isa = PBXBuildFile; fileRef = C730237C2B5A02E000172264 /* NewCategoryScreen.swift */; };
		C73FD6582B33DA4E000DB99F /* NewHabit.swift in Sources */ = {isa = PBXBuildFile; fileRef = C73FD6572B33DA4E000DB99F /* NewHabit.swift */; };
		C7449CEC2B69BEF6001A6BDC /* OnboardingViewController.swift in Sources */ = {isa = PBXBuildFile; fileRef = C7449CEB2B69BEF6001A6BDC /* OnboardingViewController.swift */; };
		C7449CEE2B69E709001A6BDC /* OnboardingPageView.swift in Sources */ = {isa = PBXBuildFile; fileRef = C7449CED2B69E709001A6BDC /* OnboardingPageView.swift */; };
		C761F5D72B538DF0003868C3 /* SheduleScreen.swift in Sources */ = {isa = PBXBuildFile; fileRef = C761F5D62B538DF0003868C3 /* SheduleScreen.swift */; };
		C761F5D92B538E6B003868C3 /* SheduleCell.swift in Sources */ = {isa = PBXBuildFile; fileRef = C761F5D82B538E6B003868C3 /* SheduleCell.swift */; };
		C761F5DB2B538E7A003868C3 /* SheduleCellModel.swift in Sources */ = {isa = PBXBuildFile; fileRef = C761F5DA2B538E7A003868C3 /* SheduleCellModel.swift */; };
		C7ACD4D62B391A26001D6DE7 /* TrackerFonts.swift in Sources */ = {isa = PBXBuildFile; fileRef = C7ACD4D52B391A26001D6DE7 /* TrackerFonts.swift */; };
		C7AD06122B6008A200AA087C /* ColorsAndEmojisCell.swift in Sources */ = {isa = PBXBuildFile; fileRef = C7AD06112B6008A200AA087C /* ColorsAndEmojisCell.swift */; };
		C7AD06142B601D1D00AA087C /* ColorsAndEmojisHeader.swift in Sources */ = {isa = PBXBuildFile; fileRef = C7AD06132B601D1D00AA087C /* ColorsAndEmojisHeader.swift */; };
		C7AD06172B60A93D00AA087C /* TrackerStore.swift in Sources */ = {isa = PBXBuildFile; fileRef = C7AD06162B60A93D00AA087C /* TrackerStore.swift */; };
		C7AD06192B60A94900AA087C /* TrackerCategoryStore.swift in Sources */ = {isa = PBXBuildFile; fileRef = C7AD06182B60A94900AA087C /* TrackerCategoryStore.swift */; };
		C7AD061B2B60A95600AA087C /* TrackerRecordStore.swift in Sources */ = {isa = PBXBuildFile; fileRef = C7AD061A2B60A95600AA087C /* TrackerRecordStore.swift */; };
		C7B336F02B58D971009A8A7C /* CategoryScreen.swift in Sources */ = {isa = PBXBuildFile; fileRef = C7B336EF2B58D971009A8A7C /* CategoryScreen.swift */; };
		C7B336F22B58DCF3009A8A7C /* CategoryScreenCell.swift in Sources */ = {isa = PBXBuildFile; fileRef = C7B336F12B58DCF3009A8A7C /* CategoryScreenCell.swift */; };
		C7BA609B2B327F3A008B42C1 /* CreateTrackerView.swift in Sources */ = {isa = PBXBuildFile; fileRef = C7BA609A2B327F3A008B42C1 /* CreateTrackerView.swift */; };
		C7BB0F822B68A41D0097969C /* CategoryScreenViewModel.swift in Sources */ = {isa = PBXBuildFile; fileRef = C7BB0F812B68A41D0097969C /* CategoryScreenViewModel.swift */; };
		C7C61D8A2B56329F00E7417E /* TrackerViewCellHeader.swift in Sources */ = {isa = PBXBuildFile; fileRef = C7C61D892B56329F00E7417E /* TrackerViewCellHeader.swift */; };
		C7C8AC552B2A8CD600158F3D /* TrackerModel.swift in Sources */ = {isa = PBXBuildFile; fileRef = C7C8AC542B2A8CD600158F3D /* TrackerModel.swift */; };
		C7C8AC572B2A8CE500158F3D /* TrackerCategory.swift in Sources */ = {isa = PBXBuildFile; fileRef = C7C8AC562B2A8CE500158F3D /* TrackerCategory.swift */; };
		C7C8AC592B2A8CF200158F3D /* TrackerRecord.swift in Sources */ = {isa = PBXBuildFile; fileRef = C7C8AC582B2A8CF200158F3D /* TrackerRecord.swift */; };
		C7CD85B22B1EB114005F5FD9 /* AppDelegate.swift in Sources */ = {isa = PBXBuildFile; fileRef = C7CD85B12B1EB114005F5FD9 /* AppDelegate.swift */; };
		C7CD85B42B1EB114005F5FD9 /* SceneDelegate.swift in Sources */ = {isa = PBXBuildFile; fileRef = C7CD85B32B1EB114005F5FD9 /* SceneDelegate.swift */; };
		C7CD85B62B1EB114005F5FD9 /* MainTabBarScreen.swift in Sources */ = {isa = PBXBuildFile; fileRef = C7CD85B52B1EB114005F5FD9 /* MainTabBarScreen.swift */; };
		C7CD85BC2B1EB114005F5FD9 /* Tracker.xcdatamodeld in Sources */ = {isa = PBXBuildFile; fileRef = C7CD85BA2B1EB114005F5FD9 /* Tracker.xcdatamodeld */; };
		C7CD85BE2B1EB115005F5FD9 /* Assets.xcassets in Resources */ = {isa = PBXBuildFile; fileRef = C7CD85BD2B1EB115005F5FD9 /* Assets.xcassets */; };
		C7CD85C12B1EB115005F5FD9 /* LaunchScreen.storyboard in Resources */ = {isa = PBXBuildFile; fileRef = C7CD85BF2B1EB115005F5FD9 /* LaunchScreen.storyboard */; };
		C7E459832B55FAC300C9C4D5 /* TrackerViewCell.swift in Sources */ = {isa = PBXBuildFile; fileRef = C7E459822B55FAC300C9C4D5 /* TrackerViewCell.swift */; };
/* End PBXBuildFile section */

/* Begin PBXFileReference section */
		C71259E72B1FFA3F004CD3F3 /* TrackersViewController.swift */ = {isa = PBXFileReference; lastKnownFileType = sourcecode.swift; path = TrackersViewController.swift; sourceTree = "<group>"; };
		C71259E92B1FFBFF004CD3F3 /* StatisticScreen.swift */ = {isa = PBXFileReference; lastKnownFileType = sourcecode.swift; path = StatisticScreen.swift; sourceTree = "<group>"; };
		C71F59D72B39EF790077FA95 /* NewHabitCell.swift */ = {isa = PBXFileReference; lastKnownFileType = sourcecode.swift; path = NewHabitCell.swift; sourceTree = "<group>"; };
		C730237A2B5A01FD00172264 /* Shedule.swift */ = {isa = PBXFileReference; lastKnownFileType = sourcecode.swift; path = Shedule.swift; sourceTree = "<group>"; };
		C730237C2B5A02E000172264 /* NewCategoryScreen.swift */ = {isa = PBXFileReference; lastKnownFileType = sourcecode.swift; path = NewCategoryScreen.swift; sourceTree = "<group>"; };
		C73FD6572B33DA4E000DB99F /* NewHabit.swift */ = {isa = PBXFileReference; lastKnownFileType = sourcecode.swift; path = NewHabit.swift; sourceTree = "<group>"; };
		C7449CEB2B69BEF6001A6BDC /* OnboardingViewController.swift */ = {isa = PBXFileReference; lastKnownFileType = sourcecode.swift; path = OnboardingViewController.swift; sourceTree = "<group>"; };
		C7449CED2B69E709001A6BDC /* OnboardingPageView.swift */ = {isa = PBXFileReference; lastKnownFileType = sourcecode.swift; path = OnboardingPageView.swift; sourceTree = "<group>"; };
		C761F5D62B538DF0003868C3 /* SheduleScreen.swift */ = {isa = PBXFileReference; lastKnownFileType = sourcecode.swift; path = SheduleScreen.swift; sourceTree = "<group>"; };
		C761F5D82B538E6B003868C3 /* SheduleCell.swift */ = {isa = PBXFileReference; lastKnownFileType = sourcecode.swift; path = SheduleCell.swift; sourceTree = "<group>"; };
		C761F5DA2B538E7A003868C3 /* SheduleCellModel.swift */ = {isa = PBXFileReference; lastKnownFileType = sourcecode.swift; path = SheduleCellModel.swift; sourceTree = "<group>"; };
		C7ACD4D52B391A26001D6DE7 /* TrackerFonts.swift */ = {isa = PBXFileReference; lastKnownFileType = sourcecode.swift; path = TrackerFonts.swift; sourceTree = "<group>"; };
		C7AD06112B6008A200AA087C /* ColorsAndEmojisCell.swift */ = {isa = PBXFileReference; lastKnownFileType = sourcecode.swift; path = ColorsAndEmojisCell.swift; sourceTree = "<group>"; };
		C7AD06132B601D1D00AA087C /* ColorsAndEmojisHeader.swift */ = {isa = PBXFileReference; lastKnownFileType = sourcecode.swift; path = ColorsAndEmojisHeader.swift; sourceTree = "<group>"; };
		C7AD06162B60A93D00AA087C /* TrackerStore.swift */ = {isa = PBXFileReference; lastKnownFileType = sourcecode.swift; path = TrackerStore.swift; sourceTree = "<group>"; };
		C7AD06182B60A94900AA087C /* TrackerCategoryStore.swift */ = {isa = PBXFileReference; lastKnownFileType = sourcecode.swift; path = TrackerCategoryStore.swift; sourceTree = "<group>"; };
		C7AD061A2B60A95600AA087C /* TrackerRecordStore.swift */ = {isa = PBXFileReference; lastKnownFileType = sourcecode.swift; path = TrackerRecordStore.swift; sourceTree = "<group>"; };
		C7B336EF2B58D971009A8A7C /* CategoryScreen.swift */ = {isa = PBXFileReference; lastKnownFileType = sourcecode.swift; path = CategoryScreen.swift; sourceTree = "<group>"; };
		C7B336F12B58DCF3009A8A7C /* CategoryScreenCell.swift */ = {isa = PBXFileReference; lastKnownFileType = sourcecode.swift; path = CategoryScreenCell.swift; sourceTree = "<group>"; };
		C7BA609A2B327F3A008B42C1 /* CreateTrackerView.swift */ = {isa = PBXFileReference; lastKnownFileType = sourcecode.swift; path = CreateTrackerView.swift; sourceTree = "<group>"; };
		C7BB0F812B68A41D0097969C /* CategoryScreenViewModel.swift */ = {isa = PBXFileReference; lastKnownFileType = sourcecode.swift; path = CategoryScreenViewModel.swift; sourceTree = "<group>"; };
		C7C61D892B56329F00E7417E /* TrackerViewCellHeader.swift */ = {isa = PBXFileReference; lastKnownFileType = sourcecode.swift; path = TrackerViewCellHeader.swift; sourceTree = "<group>"; };
		C7C8AC542B2A8CD600158F3D /* TrackerModel.swift */ = {isa = PBXFileReference; lastKnownFileType = sourcecode.swift; path = TrackerModel.swift; sourceTree = "<group>"; };
		C7C8AC562B2A8CE500158F3D /* TrackerCategory.swift */ = {isa = PBXFileReference; lastKnownFileType = sourcecode.swift; path = TrackerCategory.swift; sourceTree = "<group>"; };
		C7C8AC582B2A8CF200158F3D /* TrackerRecord.swift */ = {isa = PBXFileReference; lastKnownFileType = sourcecode.swift; path = TrackerRecord.swift; sourceTree = "<group>"; };
		C7CD85AE2B1EB114005F5FD9 /* Tracker.app */ = {isa = PBXFileReference; explicitFileType = wrapper.application; includeInIndex = 0; path = Tracker.app; sourceTree = BUILT_PRODUCTS_DIR; };
		C7CD85B12B1EB114005F5FD9 /* AppDelegate.swift */ = {isa = PBXFileReference; lastKnownFileType = sourcecode.swift; path = AppDelegate.swift; sourceTree = "<group>"; };
		C7CD85B32B1EB114005F5FD9 /* SceneDelegate.swift */ = {isa = PBXFileReference; lastKnownFileType = sourcecode.swift; path = SceneDelegate.swift; sourceTree = "<group>"; };
		C7CD85B52B1EB114005F5FD9 /* MainTabBarScreen.swift */ = {isa = PBXFileReference; lastKnownFileType = sourcecode.swift; path = MainTabBarScreen.swift; sourceTree = "<group>"; };
		C7CD85BB2B1EB114005F5FD9 /* Tracker.xcdatamodel */ = {isa = PBXFileReference; lastKnownFileType = wrapper.xcdatamodel; path = Tracker.xcdatamodel; sourceTree = "<group>"; };
		C7CD85BD2B1EB115005F5FD9 /* Assets.xcassets */ = {isa = PBXFileReference; lastKnownFileType = folder.assetcatalog; path = Assets.xcassets; sourceTree = "<group>"; };
		C7CD85C02B1EB115005F5FD9 /* Base */ = {isa = PBXFileReference; lastKnownFileType = file.storyboard; name = Base; path = Base.lproj/LaunchScreen.storyboard; sourceTree = "<group>"; };
		C7CD85C22B1EB115005F5FD9 /* Info.plist */ = {isa = PBXFileReference; lastKnownFileType = text.plist.xml; path = Info.plist; sourceTree = "<group>"; };
		C7E459822B55FAC300C9C4D5 /* TrackerViewCell.swift */ = {isa = PBXFileReference; lastKnownFileType = sourcecode.swift; path = TrackerViewCell.swift; sourceTree = "<group>"; };
/* End PBXFileReference section */

/* Begin PBXFrameworksBuildPhase section */
		C7CD85AB2B1EB114005F5FD9 /* Frameworks */ = {
			isa = PBXFrameworksBuildPhase;
			buildActionMask = 2147483647;
			files = (
				C71259ED2B1FFDA6004CD3F3 /* SnapKit in Frameworks */,
				C71259EF2B1FFDA6004CD3F3 /* SnapKit-Dynamic in Frameworks */,
			);
			runOnlyForDeploymentPostprocessing = 0;
		};
/* End PBXFrameworksBuildPhase section */

/* Begin PBXGroup section */
		C71F59D62B39EF530077FA95 /* NewHabitScreen */ = {
			isa = PBXGroup;
			children = (
				C73FD6572B33DA4E000DB99F /* NewHabit.swift */,
				C71F59D72B39EF790077FA95 /* NewHabitCell.swift */,
				C7AD06112B6008A200AA087C /* ColorsAndEmojisCell.swift */,
				C7AD06132B601D1D00AA087C /* ColorsAndEmojisHeader.swift */,
			);
			path = NewHabitScreen;
			sourceTree = "<group>";
		};
		C7449CEA2B69BEB5001A6BDC /* Onboarding */ = {
			isa = PBXGroup;
			children = (
				C7449CEB2B69BEF6001A6BDC /* OnboardingViewController.swift */,
				C7449CED2B69E709001A6BDC /* OnboardingPageView.swift */,
			);
			path = Onboarding;
			sourceTree = "<group>";
		};
		C761F5D52B538DC1003868C3 /* SheduleScreen */ = {
			isa = PBXGroup;
			children = (
				C761F5D62B538DF0003868C3 /* SheduleScreen.swift */,
				C761F5D82B538E6B003868C3 /* SheduleCell.swift */,
				C761F5DA2B538E7A003868C3 /* SheduleCellModel.swift */,
			);
			path = SheduleScreen;
			sourceTree = "<group>";
		};
		C784781D2B3E6A43004A998B /* MainTrackerScreen */ = {
			isa = PBXGroup;
			children = (
				C71259E72B1FFA3F004CD3F3 /* TrackersViewController.swift */,
				C7E459822B55FAC300C9C4D5 /* TrackerViewCell.swift */,
				C7C61D892B56329F00E7417E /* TrackerViewCellHeader.swift */,
			);
			path = MainTrackerScreen;
			sourceTree = "<group>";
		};
		C7949A662B54DF50006414E0 /* CategoryScreen */ = {
			isa = PBXGroup;
			children = (
				C7B336F12B58DCF3009A8A7C /* CategoryScreenCell.swift */,
				C730237C2B5A02E000172264 /* NewCategoryScreen.swift */,
				C7B336EF2B58D971009A8A7C /* CategoryScreen.swift */,
				C7BB0F812B68A41D0097969C /* CategoryScreenViewModel.swift */,
			);
			path = CategoryScreen;
			sourceTree = "<group>";
		};
		C7AD06152B60A91C00AA087C /* CoreData */ = {
			isa = PBXGroup;
			children = (
				C7CD85BA2B1EB114005F5FD9 /* Tracker.xcdatamodeld */,
				C7AD06162B60A93D00AA087C /* TrackerStore.swift */,
				C7AD06182B60A94900AA087C /* TrackerCategoryStore.swift */,
				C7AD061A2B60A95600AA087C /* TrackerRecordStore.swift */,
			);
			path = CoreData;
			sourceTree = "<group>";
		};
		C7BA609C2B327F56008B42C1 /* Models */ = {
			isa = PBXGroup;
			children = (
				C7C8AC542B2A8CD600158F3D /* TrackerModel.swift */,
				C7C8AC562B2A8CE500158F3D /* TrackerCategory.swift */,
				C7C8AC582B2A8CF200158F3D /* TrackerRecord.swift */,
				C730237A2B5A01FD00172264 /* Shedule.swift */,
			);
			path = Models;
			sourceTree = "<group>";
		};
		C7CD85A52B1EB114005F5FD9 = {
			isa = PBXGroup;
			children = (
				C7CD85B02B1EB114005F5FD9 /* Tracker */,
				C7CD85AF2B1EB114005F5FD9 /* Products */,
			);
			sourceTree = "<group>";
		};
		C7CD85AF2B1EB114005F5FD9 /* Products */ = {
			isa = PBXGroup;
			children = (
				C7CD85AE2B1EB114005F5FD9 /* Tracker.app */,
			);
			name = Products;
			sourceTree = "<group>";
		};
		C7CD85B02B1EB114005F5FD9 /* Tracker */ = {
			isa = PBXGroup;
			children = (
				C7CD85B12B1EB114005F5FD9 /* AppDelegate.swift */,
				C7CD85B32B1EB114005F5FD9 /* SceneDelegate.swift */,
				C7CD85B52B1EB114005F5FD9 /* MainTabBarScreen.swift */,
				C7449CEA2B69BEB5001A6BDC /* Onboarding */,
				C784781D2B3E6A43004A998B /* MainTrackerScreen */,
				C7BA609A2B327F3A008B42C1 /* CreateTrackerView.swift */,
				C71259E92B1FFBFF004CD3F3 /* StatisticScreen.swift */,
				C7BA609C2B327F56008B42C1 /* Models */,
				C71F59D62B39EF530077FA95 /* NewHabitScreen */,
				C761F5D52B538DC1003868C3 /* SheduleScreen */,
				C7949A662B54DF50006414E0 /* CategoryScreen */,
				C7AD06152B60A91C00AA087C /* CoreData */,
				C7CD85BD2B1EB115005F5FD9 /* Assets.xcassets */,
				C7CD85BF2B1EB115005F5FD9 /* LaunchScreen.storyboard */,
				C7CD85C22B1EB115005F5FD9 /* Info.plist */,
				C7ACD4D52B391A26001D6DE7 /* TrackerFonts.swift */,
			);
			path = Tracker;
			sourceTree = "<group>";
		};
/* End PBXGroup section */

/* Begin PBXNativeTarget section */
		C7CD85AD2B1EB114005F5FD9 /* Tracker */ = {
			isa = PBXNativeTarget;
			buildConfigurationList = C7CD85C52B1EB115005F5FD9 /* Build configuration list for PBXNativeTarget "Tracker" */;
			buildPhases = (
				C7CD85AA2B1EB114005F5FD9 /* Sources */,
				C7CD85AB2B1EB114005F5FD9 /* Frameworks */,
				C7CD85AC2B1EB114005F5FD9 /* Resources */,
			);
			buildRules = (
			);
			dependencies = (
			);
			name = Tracker;
			packageProductDependencies = (
				C71259EC2B1FFDA6004CD3F3 /* SnapKit */,
				C71259EE2B1FFDA6004CD3F3 /* SnapKit-Dynamic */,
			);
			productName = Tracker;
			productReference = C7CD85AE2B1EB114005F5FD9 /* Tracker.app */;
			productType = "com.apple.product-type.application";
		};
/* End PBXNativeTarget section */

/* Begin PBXProject section */
		C7CD85A62B1EB114005F5FD9 /* Project object */ = {
			isa = PBXProject;
			attributes = {
				BuildIndependentTargetsInParallel = 1;
				LastSwiftUpdateCheck = 1500;
				LastUpgradeCheck = 1500;
				TargetAttributes = {
					C7CD85AD2B1EB114005F5FD9 = {
						CreatedOnToolsVersion = 15.0.1;
					};
				};
			};
			buildConfigurationList = C7CD85A92B1EB114005F5FD9 /* Build configuration list for PBXProject "Tracker" */;
			compatibilityVersion = "Xcode 14.0";
			developmentRegion = en;
			hasScannedForEncodings = 0;
			knownRegions = (
				en,
				Base,
			);
			mainGroup = C7CD85A52B1EB114005F5FD9;
			packageReferences = (
				C71259EB2B1FFDA6004CD3F3 /* XCRemoteSwiftPackageReference "SnapKit" */,
			);
			productRefGroup = C7CD85AF2B1EB114005F5FD9 /* Products */;
			projectDirPath = "";
			projectRoot = "";
			targets = (
				C7CD85AD2B1EB114005F5FD9 /* Tracker */,
			);
		};
/* End PBXProject section */

/* Begin PBXResourcesBuildPhase section */
		C7CD85AC2B1EB114005F5FD9 /* Resources */ = {
			isa = PBXResourcesBuildPhase;
			buildActionMask = 2147483647;
			files = (
				C7CD85C12B1EB115005F5FD9 /* LaunchScreen.storyboard in Resources */,
				C7CD85BE2B1EB115005F5FD9 /* Assets.xcassets in Resources */,
			);
			runOnlyForDeploymentPostprocessing = 0;
		};
/* End PBXResourcesBuildPhase section */

/* Begin PBXSourcesBuildPhase section */
		C7CD85AA2B1EB114005F5FD9 /* Sources */ = {
			isa = PBXSourcesBuildPhase;
			buildActionMask = 2147483647;
			files = (
				C7CD85BC2B1EB114005F5FD9 /* Tracker.xcdatamodeld in Sources */,
				C7CD85B62B1EB114005F5FD9 /* MainTabBarScreen.swift in Sources */,
				C7C8AC572B2A8CE500158F3D /* TrackerCategory.swift in Sources */,
				C7CD85B22B1EB114005F5FD9 /* AppDelegate.swift in Sources */,
				C7B336F22B58DCF3009A8A7C /* CategoryScreenCell.swift in Sources */,
				C7449CEC2B69BEF6001A6BDC /* OnboardingViewController.swift in Sources */,
				C71F59D82B39EF790077FA95 /* NewHabitCell.swift in Sources */,
				C7AD06122B6008A200AA087C /* ColorsAndEmojisCell.swift in Sources */,
				C7BA609B2B327F3A008B42C1 /* CreateTrackerView.swift in Sources */,
				C7AD06192B60A94900AA087C /* TrackerCategoryStore.swift in Sources */,
				C761F5D92B538E6B003868C3 /* SheduleCell.swift in Sources */,
				C7E459832B55FAC300C9C4D5 /* TrackerViewCell.swift in Sources */,
				C761F5DB2B538E7A003868C3 /* SheduleCellModel.swift in Sources */,
				C7AD06142B601D1D00AA087C /* ColorsAndEmojisHeader.swift in Sources */,
				C761F5D72B538DF0003868C3 /* SheduleScreen.swift in Sources */,
				C73FD6582B33DA4E000DB99F /* NewHabit.swift in Sources */,
				C7AD06172B60A93D00AA087C /* TrackerStore.swift in Sources */,
				C7CD85B42B1EB114005F5FD9 /* SceneDelegate.swift in Sources */,
				C7C8AC592B2A8CF200158F3D /* TrackerRecord.swift in Sources */,
				C7BB0F822B68A41D0097969C /* CategoryScreenViewModel.swift in Sources */,
				C730237B2B5A01FD00172264 /* Shedule.swift in Sources */,
				C71259EA2B1FFBFF004CD3F3 /* StatisticScreen.swift in Sources */,
				C730237D2B5A02E000172264 /* NewCategoryScreen.swift in Sources */,
				C71259E82B1FFA3F004CD3F3 /* TrackersViewController.swift in Sources */,
				C7AD061B2B60A95600AA087C /* TrackerRecordStore.swift in Sources */,
				C7449CEE2B69E709001A6BDC /* OnboardingPageView.swift in Sources */,
				C7C8AC552B2A8CD600158F3D /* TrackerModel.swift in Sources */,
				C7B336F02B58D971009A8A7C /* CategoryScreen.swift in Sources */,
				C7C61D8A2B56329F00E7417E /* TrackerViewCellHeader.swift in Sources */,
				C7ACD4D62B391A26001D6DE7 /* TrackerFonts.swift in Sources */,
			);
			runOnlyForDeploymentPostprocessing = 0;
		};
/* End PBXSourcesBuildPhase section */

/* Begin PBXVariantGroup section */
		C7CD85BF2B1EB115005F5FD9 /* LaunchScreen.storyboard */ = {
			isa = PBXVariantGroup;
			children = (
				C7CD85C02B1EB115005F5FD9 /* Base */,
			);
			name = LaunchScreen.storyboard;
			sourceTree = "<group>";
		};
/* End PBXVariantGroup section */

/* Begin XCBuildConfiguration section */
		C7CD85C32B1EB115005F5FD9 /* Debug */ = {
			isa = XCBuildConfiguration;
			buildSettings = {
				ALWAYS_SEARCH_USER_PATHS = NO;
				ASSETCATALOG_COMPILER_GENERATE_SWIFT_ASSET_SYMBOL_EXTENSIONS = YES;
				CLANG_ANALYZER_NONNULL = YES;
				CLANG_ANALYZER_NUMBER_OBJECT_CONVERSION = YES_AGGRESSIVE;
				CLANG_CXX_LANGUAGE_STANDARD = "gnu++20";
				CLANG_ENABLE_MODULES = YES;
				CLANG_ENABLE_OBJC_ARC = YES;
				CLANG_ENABLE_OBJC_WEAK = YES;
				CLANG_WARN_BLOCK_CAPTURE_AUTORELEASING = YES;
				CLANG_WARN_BOOL_CONVERSION = YES;
				CLANG_WARN_COMMA = YES;
				CLANG_WARN_CONSTANT_CONVERSION = YES;
				CLANG_WARN_DEPRECATED_OBJC_IMPLEMENTATIONS = YES;
				CLANG_WARN_DIRECT_OBJC_ISA_USAGE = YES_ERROR;
				CLANG_WARN_DOCUMENTATION_COMMENTS = YES;
				CLANG_WARN_EMPTY_BODY = YES;
				CLANG_WARN_ENUM_CONVERSION = YES;
				CLANG_WARN_INFINITE_RECURSION = YES;
				CLANG_WARN_INT_CONVERSION = YES;
				CLANG_WARN_NON_LITERAL_NULL_CONVERSION = YES;
				CLANG_WARN_OBJC_IMPLICIT_RETAIN_SELF = YES;
				CLANG_WARN_OBJC_LITERAL_CONVERSION = YES;
				CLANG_WARN_OBJC_ROOT_CLASS = YES_ERROR;
				CLANG_WARN_QUOTED_INCLUDE_IN_FRAMEWORK_HEADER = YES;
				CLANG_WARN_RANGE_LOOP_ANALYSIS = YES;
				CLANG_WARN_STRICT_PROTOTYPES = YES;
				CLANG_WARN_SUSPICIOUS_MOVE = YES;
				CLANG_WARN_UNGUARDED_AVAILABILITY = YES_AGGRESSIVE;
				CLANG_WARN_UNREACHABLE_CODE = YES;
				CLANG_WARN__DUPLICATE_METHOD_MATCH = YES;
				COPY_PHASE_STRIP = NO;
				DEBUG_INFORMATION_FORMAT = dwarf;
				ENABLE_STRICT_OBJC_MSGSEND = YES;
				ENABLE_TESTABILITY = YES;
				ENABLE_USER_SCRIPT_SANDBOXING = YES;
				GCC_C_LANGUAGE_STANDARD = gnu17;
				GCC_DYNAMIC_NO_PIC = NO;
				GCC_NO_COMMON_BLOCKS = YES;
				GCC_OPTIMIZATION_LEVEL = 0;
				GCC_PREPROCESSOR_DEFINITIONS = (
					"DEBUG=1",
					"$(inherited)",
				);
				GCC_WARN_64_TO_32_BIT_CONVERSION = YES;
				GCC_WARN_ABOUT_RETURN_TYPE = YES_ERROR;
				GCC_WARN_UNDECLARED_SELECTOR = YES;
				GCC_WARN_UNINITIALIZED_AUTOS = YES_AGGRESSIVE;
				GCC_WARN_UNUSED_FUNCTION = YES;
				GCC_WARN_UNUSED_VARIABLE = YES;
				IPHONEOS_DEPLOYMENT_TARGET = 17.0;
				LOCALIZATION_PREFERS_STRING_CATALOGS = YES;
				MTL_ENABLE_DEBUG_INFO = INCLUDE_SOURCE;
				MTL_FAST_MATH = YES;
				ONLY_ACTIVE_ARCH = YES;
				SDKROOT = iphoneos;
				SWIFT_ACTIVE_COMPILATION_CONDITIONS = "DEBUG $(inherited)";
				SWIFT_OPTIMIZATION_LEVEL = "-Onone";
			};
			name = Debug;
		};
		C7CD85C42B1EB115005F5FD9 /* Release */ = {
			isa = XCBuildConfiguration;
			buildSettings = {
				ALWAYS_SEARCH_USER_PATHS = NO;
				ASSETCATALOG_COMPILER_GENERATE_SWIFT_ASSET_SYMBOL_EXTENSIONS = YES;
				CLANG_ANALYZER_NONNULL = YES;
				CLANG_ANALYZER_NUMBER_OBJECT_CONVERSION = YES_AGGRESSIVE;
				CLANG_CXX_LANGUAGE_STANDARD = "gnu++20";
				CLANG_ENABLE_MODULES = YES;
				CLANG_ENABLE_OBJC_ARC = YES;
				CLANG_ENABLE_OBJC_WEAK = YES;
				CLANG_WARN_BLOCK_CAPTURE_AUTORELEASING = YES;
				CLANG_WARN_BOOL_CONVERSION = YES;
				CLANG_WARN_COMMA = YES;
				CLANG_WARN_CONSTANT_CONVERSION = YES;
				CLANG_WARN_DEPRECATED_OBJC_IMPLEMENTATIONS = YES;
				CLANG_WARN_DIRECT_OBJC_ISA_USAGE = YES_ERROR;
				CLANG_WARN_DOCUMENTATION_COMMENTS = YES;
				CLANG_WARN_EMPTY_BODY = YES;
				CLANG_WARN_ENUM_CONVERSION = YES;
				CLANG_WARN_INFINITE_RECURSION = YES;
				CLANG_WARN_INT_CONVERSION = YES;
				CLANG_WARN_NON_LITERAL_NULL_CONVERSION = YES;
				CLANG_WARN_OBJC_IMPLICIT_RETAIN_SELF = YES;
				CLANG_WARN_OBJC_LITERAL_CONVERSION = YES;
				CLANG_WARN_OBJC_ROOT_CLASS = YES_ERROR;
				CLANG_WARN_QUOTED_INCLUDE_IN_FRAMEWORK_HEADER = YES;
				CLANG_WARN_RANGE_LOOP_ANALYSIS = YES;
				CLANG_WARN_STRICT_PROTOTYPES = YES;
				CLANG_WARN_SUSPICIOUS_MOVE = YES;
				CLANG_WARN_UNGUARDED_AVAILABILITY = YES_AGGRESSIVE;
				CLANG_WARN_UNREACHABLE_CODE = YES;
				CLANG_WARN__DUPLICATE_METHOD_MATCH = YES;
				COPY_PHASE_STRIP = NO;
				DEBUG_INFORMATION_FORMAT = "dwarf-with-dsym";
				ENABLE_NS_ASSERTIONS = NO;
				ENABLE_STRICT_OBJC_MSGSEND = YES;
				ENABLE_USER_SCRIPT_SANDBOXING = YES;
				GCC_C_LANGUAGE_STANDARD = gnu17;
				GCC_NO_COMMON_BLOCKS = YES;
				GCC_WARN_64_TO_32_BIT_CONVERSION = YES;
				GCC_WARN_ABOUT_RETURN_TYPE = YES_ERROR;
				GCC_WARN_UNDECLARED_SELECTOR = YES;
				GCC_WARN_UNINITIALIZED_AUTOS = YES_AGGRESSIVE;
				GCC_WARN_UNUSED_FUNCTION = YES;
				GCC_WARN_UNUSED_VARIABLE = YES;
				IPHONEOS_DEPLOYMENT_TARGET = 17.0;
				LOCALIZATION_PREFERS_STRING_CATALOGS = YES;
				MTL_ENABLE_DEBUG_INFO = NO;
				MTL_FAST_MATH = YES;
				SDKROOT = iphoneos;
				SWIFT_COMPILATION_MODE = wholemodule;
				VALIDATE_PRODUCT = YES;
			};
			name = Release;
		};
		C7CD85C62B1EB115005F5FD9 /* Debug */ = {
			isa = XCBuildConfiguration;
			buildSettings = {
				ASSETCATALOG_COMPILER_APPICON_NAME = AppIcon;
				ASSETCATALOG_COMPILER_GLOBAL_ACCENT_COLOR_NAME = AccentColor;
				CODE_SIGN_STYLE = Automatic;
				CURRENT_PROJECT_VERSION = 1;
				DEVELOPMENT_TEAM = 3VR76L79W4;
				GENERATE_INFOPLIST_FILE = YES;
				INFOPLIST_FILE = Tracker/Info.plist;
				INFOPLIST_KEY_UIApplicationSupportsIndirectInputEvents = YES;
				INFOPLIST_KEY_UILaunchStoryboardName = LaunchScreen;
				INFOPLIST_KEY_UISupportedInterfaceOrientations = UIInterfaceOrientationPortrait;
				INFOPLIST_KEY_UISupportedInterfaceOrientations_iPad = "UIInterfaceOrientationLandscapeLeft UIInterfaceOrientationLandscapeRight UIInterfaceOrientationPortrait UIInterfaceOrientationPortraitUpsideDown";
				IPHONEOS_DEPLOYMENT_TARGET = 13.4;
				LD_RUNPATH_SEARCH_PATHS = (
					"$(inherited)",
					"@executable_path/Frameworks",
				);
				MARKETING_VERSION = 1.0;
				PRODUCT_BUNDLE_IDENTIFIER = GeRK.Tracker;
				PRODUCT_NAME = "$(TARGET_NAME)";
				SWIFT_EMIT_LOC_STRINGS = YES;
				SWIFT_VERSION = 5.0;
				TARGETED_DEVICE_FAMILY = "1,2";
			};
			name = Debug;
		};
		C7CD85C72B1EB115005F5FD9 /* Release */ = {
			isa = XCBuildConfiguration;
			buildSettings = {
				ASSETCATALOG_COMPILER_APPICON_NAME = AppIcon;
				ASSETCATALOG_COMPILER_GLOBAL_ACCENT_COLOR_NAME = AccentColor;
				CODE_SIGN_STYLE = Automatic;
				CURRENT_PROJECT_VERSION = 1;
				DEVELOPMENT_TEAM = 3VR76L79W4;
				GENERATE_INFOPLIST_FILE = YES;
				INFOPLIST_FILE = Tracker/Info.plist;
				INFOPLIST_KEY_UIApplicationSupportsIndirectInputEvents = YES;
				INFOPLIST_KEY_UILaunchStoryboardName = LaunchScreen;
				INFOPLIST_KEY_UISupportedInterfaceOrientations = UIInterfaceOrientationPortrait;
				INFOPLIST_KEY_UISupportedInterfaceOrientations_iPad = "UIInterfaceOrientationLandscapeLeft UIInterfaceOrientationLandscapeRight UIInterfaceOrientationPortrait UIInterfaceOrientationPortraitUpsideDown";
				IPHONEOS_DEPLOYMENT_TARGET = 13.4;
				LD_RUNPATH_SEARCH_PATHS = (
					"$(inherited)",
					"@executable_path/Frameworks",
				);
				MARKETING_VERSION = 1.0;
				PRODUCT_BUNDLE_IDENTIFIER = GeRK.Tracker;
				PRODUCT_NAME = "$(TARGET_NAME)";
				SWIFT_EMIT_LOC_STRINGS = YES;
				SWIFT_VERSION = 5.0;
				TARGETED_DEVICE_FAMILY = "1,2";
			};
			name = Release;
		};
/* End XCBuildConfiguration section */

/* Begin XCConfigurationList section */
		C7CD85A92B1EB114005F5FD9 /* Build configuration list for PBXProject "Tracker" */ = {
			isa = XCConfigurationList;
			buildConfigurations = (
				C7CD85C32B1EB115005F5FD9 /* Debug */,
				C7CD85C42B1EB115005F5FD9 /* Release */,
			);
			defaultConfigurationIsVisible = 0;
			defaultConfigurationName = Release;
		};
		C7CD85C52B1EB115005F5FD9 /* Build configuration list for PBXNativeTarget "Tracker" */ = {
			isa = XCConfigurationList;
			buildConfigurations = (
				C7CD85C62B1EB115005F5FD9 /* Debug */,
				C7CD85C72B1EB115005F5FD9 /* Release */,
			);
			defaultConfigurationIsVisible = 0;
			defaultConfigurationName = Release;
		};
/* End XCConfigurationList section */

/* Begin XCRemoteSwiftPackageReference section */
		C71259EB2B1FFDA6004CD3F3 /* XCRemoteSwiftPackageReference "SnapKit" */ = {
			isa = XCRemoteSwiftPackageReference;
			repositoryURL = "https://github.com/SnapKit/SnapKit.git";
			requirement = {
				kind = upToNextMajorVersion;
				minimumVersion = 5.6.0;
			};
		};
/* End XCRemoteSwiftPackageReference section */

/* Begin XCSwiftPackageProductDependency section */
		C71259EC2B1FFDA6004CD3F3 /* SnapKit */ = {
			isa = XCSwiftPackageProductDependency;
			package = C71259EB2B1FFDA6004CD3F3 /* XCRemoteSwiftPackageReference "SnapKit" */;
			productName = SnapKit;
		};
		C71259EE2B1FFDA6004CD3F3 /* SnapKit-Dynamic */ = {
			isa = XCSwiftPackageProductDependency;
			package = C71259EB2B1FFDA6004CD3F3 /* XCRemoteSwiftPackageReference "SnapKit" */;
			productName = "SnapKit-Dynamic";
		};
/* End XCSwiftPackageProductDependency section */

/* Begin XCVersionGroup section */
		C7CD85BA2B1EB114005F5FD9 /* Tracker.xcdatamodeld */ = {
			isa = XCVersionGroup;
			children = (
				C7CD85BB2B1EB114005F5FD9 /* Tracker.xcdatamodel */,
			);
			currentVersion = C7CD85BB2B1EB114005F5FD9 /* Tracker.xcdatamodel */;
			path = Tracker.xcdatamodeld;
			sourceTree = "<group>";
			versionGroupType = wrapper.xcdatamodel;
		};
/* End XCVersionGroup section */
	};
	rootObject = C7CD85A62B1EB114005F5FD9 /* Project object */;
}
